
Microsoft Visual Studio Solution File, Format Version 12.00
# Visual Studio Version 17
VisualStudioVersion = 17.7.34009.444
MinimumVisualStudioVersion = 10.0.40219.1
Project("{8BC9CEB8-8B4A-11D0-8D11-00A0C91BC942}") = "Project3", "Project3.vcxproj", "{D12BC344-FBE8-4BC8-ABD2-E91DB9D125D0}"
EndProject
Global
	GlobalSection(SolutionConfigurationPlatforms) = preSolution
		Debug|x64 = Debug|x64
		Debug|x86 = Debug|x86
		Release|x64 = Release|x64
		Release|x86 = Release|x86
	EndGlobalSection
	GlobalSection(ProjectConfigurationPlatforms) = postSolution
		{D12BC344-FBE8-4BC8-ABD2-E91DB9D125D0}.Debug|x64.ActiveCfg = Debug|x64
		{D12BC344-FBE8-4BC8-ABD2-E91DB9D125D0}.Debug|x64.Build.0 = Debug|x64
		{D12BC344-FBE8-4BC8-ABD2-E91DB9D125D0}.Debug|x86.ActiveCfg = Debug|Win32
		{D12BC344-FBE8-4BC8-ABD2-E91DB9D125D0}.Debug|x86.Build.0 = Debug|Win32
		{D12BC344-FBE8-4BC8-ABD2-E91DB9D125D0}.Release|x64.ActiveCfg = Release|x64
		{D12BC344-FBE8-4BC8-ABD2-E91DB9D125D0}.Release|x64.Build.0 = Release|x64
		{D12BC344-FBE8-4BC8-ABD2-E91DB9D125D0}.Release|x86.ActiveCfg = Release|Win32
		{D12BC344-FBE8-4BC8-ABD2-E91DB9D125D0}.Release|x86.Build.0 = Release|Win32
	EndGlobalSection
	GlobalSection(SolutionProperties) = preSolution
		HideSolutionNode = FALSE
	EndGlobalSection
	GlobalSection(ExtensibilityGlobals) = postSolution
		SolutionGuid = {5A8303B3-4FA7-4D51-BD2C-45931A3B6695}
	EndGlobalSection
EndGlobal
